
Microsoft Visual Studio Solution File, Format Version 12.00
# Visual Studio 2012
Project("{FAE04EC0-301F-11D3-BF4B-00C04F79EFBC}") = "Arduino Com", "Arduino Com\Arduino Com.csproj", "{A3F30886-E45A-407D-812A-BB81AF4C3365}"
EndProject
Global
	GlobalSection(SolutionConfigurationPlatforms) = preSolution
		Debug|Any CPU = Debug|Any CPU
		Release|Any CPU = Release|Any CPU
	EndGlobalSection
	GlobalSection(ProjectConfigurationPlatforms) = postSolution
		{A3F30886-E45A-407D-812A-BB81AF4C3365}.Debug|Any CPU.ActiveCfg = Debug|Any CPU
		{A3F30886-E45A-407D-812A-BB81AF4C3365}.Debug|Any CPU.Build.0 = Debug|Any CPU
		{A3F30886-E45A-407D-812A-BB81AF4C3365}.Release|Any CPU.ActiveCfg = Release|Any CPU
		{A3F30886-E45A-407D-812A-BB81AF4C3365}.Release|Any CPU.Build.0 = Release|Any CPU
	EndGlobalSection
	GlobalSection(SolutionProperties) = preSolution
		HideSolutionNode = FALSE
	EndGlobalSection
EndGlobal
